
Microsoft Visual Studio Solution File, Format Version 12.00
# Visual Studio Version 17
VisualStudioVersion = 17.14.36127.28 d17.14
MinimumVisualStudioVersion = 10.0.40219.1
Project("{8BC9CEB8-8B4A-11D0-8D11-00A0C91BC942}") = "Novice4", "Novice4.vcxproj", "{04F8D576-9E32-415D-917E-41F393BDDC56}"
EndProject
Global
	GlobalSection(SolutionConfigurationPlatforms) = preSolution
		Debug|x64 = Debug|x64
		Release|x64 = Release|x64
	EndGlobalSection
	GlobalSection(ProjectConfigurationPlatforms) = postSolution
		{04F8D576-9E32-415D-917E-41F393BDDC56}.Debug|x64.ActiveCfg = Debug|x64
		{04F8D576-9E32-415D-917E-41F393BDDC56}.Debug|x64.Build.0 = Debug|x64
		{04F8D576-9E32-415D-917E-41F393BDDC56}.Release|x64.ActiveCfg = Release|x64
		{04F8D576-9E32-415D-917E-41F393BDDC56}.Release|x64.Build.0 = Release|x64
	EndGlobalSection
	GlobalSection(SolutionProperties) = preSolution
		HideSolutionNode = FALSE
	EndGlobalSection
	GlobalSection(ExtensibilityGlobals) = postSolution
		SolutionGuid = {0F4CA503-5256-4D15-8F3B-EDA6ED643A44}
	EndGlobalSection
EndGlobal
